
Microsoft Visual Studio Solution File, Format Version 12.00
# Visual Studio Version 17
VisualStudioVersion = 17.11.35303.130
MinimumVisualStudioVersion = 10.0.40219.1
Project("{FAE04EC0-301F-11D3-BF4B-00C04F79EFBC}") = "ServerApp", "ServerApp.csproj", "{A1130A6B-0903-44CE-9C35-BE6113590289}"
EndProject
Project("{FAE04EC0-301F-11D3-BF4B-00C04F79EFBC}") = "ClientApp", "..\ClientApp\ClientApp.csproj", "{4FB5FD13-9224-4058-8A6B-C01C91A6646D}"
EndProject
Global
	GlobalSection(SolutionConfigurationPlatforms) = preSolution
		Debug|Any CPU = Debug|Any CPU
		Release|Any CPU = Release|Any CPU
	EndGlobalSection
	GlobalSection(ProjectConfigurationPlatforms) = postSolution
		{A1130A6B-0903-44CE-9C35-BE6113590289}.Debug|Any CPU.ActiveCfg = Debug|Any CPU
		{A1130A6B-0903-44CE-9C35-BE6113590289}.Debug|Any CPU.Build.0 = Debug|Any CPU
		{A1130A6B-0903-44CE-9C35-BE6113590289}.Release|Any CPU.ActiveCfg = Release|Any CPU
		{A1130A6B-0903-44CE-9C35-BE6113590289}.Release|Any CPU.Build.0 = Release|Any CPU
		{4FB5FD13-9224-4058-8A6B-C01C91A6646D}.Debug|Any CPU.ActiveCfg = Debug|Any CPU
		{4FB5FD13-9224-4058-8A6B-C01C91A6646D}.Debug|Any CPU.Build.0 = Debug|Any CPU
		{4FB5FD13-9224-4058-8A6B-C01C91A6646D}.Release|Any CPU.ActiveCfg = Release|Any CPU
		{4FB5FD13-9224-4058-8A6B-C01C91A6646D}.Release|Any CPU.Build.0 = Release|Any CPU
	EndGlobalSection
	GlobalSection(SolutionProperties) = preSolution
		HideSolutionNode = FALSE
	EndGlobalSection
	GlobalSection(ExtensibilityGlobals) = postSolution
		SolutionGuid = {D3EE5CB3-966D-435F-933B-7BBAA2F63F1C}
	EndGlobalSection
EndGlobal
